
Microsoft Visual Studio Solution File, Format Version 12.00
# Visual Studio 15
VisualStudioVersion = 15.0.28010.2036
MinimumVisualStudioVersion = 10.0.40219.1
Project("{00D1A9C2-B5F0-4AF3-8072-F6C62B433612}") = "DB", "DB.sqlproj", "{BBB5C233-13EF-486F-BFA1-1E2C5E20A12E}"
EndProject
Global
	GlobalSection(SolutionConfigurationPlatforms) = preSolution
		Debug|Any CPU = Debug|Any CPU
		Release|Any CPU = Release|Any CPU
	EndGlobalSection
	GlobalSection(ProjectConfigurationPlatforms) = postSolution
		{BBB5C233-13EF-486F-BFA1-1E2C5E20A12E}.Debug|Any CPU.ActiveCfg = Debug|Any CPU
		{BBB5C233-13EF-486F-BFA1-1E2C5E20A12E}.Debug|Any CPU.Build.0 = Debug|Any CPU
		{BBB5C233-13EF-486F-BFA1-1E2C5E20A12E}.Debug|Any CPU.Deploy.0 = Debug|Any CPU
		{BBB5C233-13EF-486F-BFA1-1E2C5E20A12E}.Release|Any CPU.ActiveCfg = Release|Any CPU
		{BBB5C233-13EF-486F-BFA1-1E2C5E20A12E}.Release|Any CPU.Build.0 = Release|Any CPU
		{BBB5C233-13EF-486F-BFA1-1E2C5E20A12E}.Release|Any CPU.Deploy.0 = Release|Any CPU
	EndGlobalSection
	GlobalSection(SolutionProperties) = preSolution
		HideSolutionNode = FALSE
	EndGlobalSection
	GlobalSection(ExtensibilityGlobals) = postSolution
		SolutionGuid = {1DE052DC-A5C3-47BE-A695-4F31118F0B5C}
	EndGlobalSection
EndGlobal
